<?xml version="1.0" encoding="UTF-8" standalone="yes" ?>
<CodeBlocks_project_file>
	<FileVersion major="1" minor="6" />
	<Project>
		<Option title="Flappy Bird" />
		<Option pch_mode="2" />
		<Option compiler="gcc" />
		<Build>
			<Target title="Debug">
				<Option output="bin/Debug/Flappy Bird" prefix_auto="1" extension_auto="1" />
				<Option object_output="obj/Debug/" />
				<Option type="1" />
				<Option compiler="gcc" />
				<Compiler>
					<Add option="-g" />
				</Compiler>
			</Target>
			<Target title="Release">
				<Option output="bin/Release/Flappy Bird" prefix_auto="1" extension_auto="1" />
				<Option object_output="obj/Release/" />
				<Option type="1" />
				<Option compiler="gcc" />
				<Compiler>
					<Add option="-O2" />
				</Compiler>
				<Linker>
					<Add option="-s" />
				</Linker>
			</Target>
		</Build>
		<Compiler>
			<Add option="-Wall" />
			<Add option="-fexceptions" />
			<Add directory="C:/SFML-2.4.2/include" />
		</Compiler>
		<Linker>
			<Add library="sfml-graphics" />
			<Add library="sfml-window" />
			<Add library="sfml-system" />
			<Add library="sfml-audio" />
			<Add directory="C:/SFML-2.4.2/lib" />
		</Linker>
		<Unit filename="AssetManager.cpp" />
		<Unit filename="AssetManager.h" />
		<Unit filename="Bird.cpp" />
		<Unit filename="Bird.h" />
		<Unit filename="Collision.cpp" />
		<Unit filename="Collision.h" />
		<Unit filename="DEFINITIONS.h" />
		<Unit filename="Flash.cpp" />
		<Unit filename="Flash.h" />
		<Unit filename="Game.cpp" />
		<Unit filename="Game.h" />
		<Unit filename="GameOverState.cpp" />
		<Unit filename="GameOverState.h" />
		<Unit filename="GameState.cpp" />
		<Unit filename="GameState.h" />
		<Unit filename="HUD.cpp" />
		<Unit filename="HUD.h" />
		<Unit filename="InputManager.cpp" />
		<Unit filename="InputManager.h" />
		<Unit filename="Land.cpp" />
		<Unit filename="Land.h" />
		<Unit filename="MainMenuState.cpp" />
		<Unit filename="MainMenuState.h" />
		<Unit filename="Pipe.cpp" />
		<Unit filename="Pipe.h" />
		<Unit filename="SplashState.cpp" />
		<Unit filename="SplashState.h" />
		<Unit filename="State.h" />
		<Unit filename="StateMachine.cpp" />
		<Unit filename="StateMachine.h" />
		<Unit filename="main.cpp" />
		<Extensions>
			<code_completion />
			<envvars />
			<debugger />
			<lib_finder disable_auto="1" />
		</Extensions>
	</Project>
</CodeBlocks_project_file>
